Microsoft Visual Studio Solution File, Format Version 12.00
# Visual Studio Version 17
VisualStudioVersion = 17.5.2.0
MinimumVisualStudioVersion = 10.0.40219.1
Project("{FAE04EC0-301F-11D3-BF4B-00C04F79EFBC}") = "dkod", "dkod.csproj", "{408B39A0-0E1D-50B8-4060-DD870DC96717}"
EndProject
Global
	GlobalSection(SolutionConfigurationPlatforms) = preSolution
		Debug|Any CPU = Debug|Any CPU
		Release|Any CPU = Release|Any CPU
	EndGlobalSection
	GlobalSection(ProjectConfigurationPlatforms) = postSolution
		{408B39A0-0E1D-50B8-4060-DD870DC96717}.Debug|Any CPU.ActiveCfg = Debug|Any CPU
		{408B39A0-0E1D-50B8-4060-DD870DC96717}.Debug|Any CPU.Build.0 = Debug|Any CPU
		{408B39A0-0E1D-50B8-4060-DD870DC96717}.Release|Any CPU.ActiveCfg = Release|Any CPU
		{408B39A0-0E1D-50B8-4060-DD870DC96717}.Release|Any CPU.Build.0 = Release|Any CPU
	EndGlobalSection
	GlobalSection(SolutionProperties) = preSolution
		HideSolutionNode = FALSE
	EndGlobalSection
	GlobalSection(ExtensibilityGlobals) = postSolution
		SolutionGuid = {37F258B6-1745-4D8D-AE0C-D565A7B62532}
	EndGlobalSection
EndGlobal
